{
  "name": "presentation",
  "version": "0.0.1",
  "lockfileVersion": 1,
  "requires": true,
  "dependencies": {
    "cache": {
      "version": "0.0.3",
      "resolved": "https://ewizard-storage-multitenant-eu-1.s3.eu-central-1.amazonaws.com/components/6e1fe960-36bf-11ea-9cb9-29a0e11f7617.tar.gz?X-Amz-Algorithm=AWS4-HMAC-SHA256&X-Amz-Credential=AKIAWPGVIVM476G4TOFH%2F20220722%2Feu-central-1%2Fs3%2Faws4_request&X-Amz-Date=20220722T131113Z&X-Amz-Expires=300&X-Amz-Signature=decbd13e2cad888894d6e65d84d0c5d58c07022896fe76c8b1a7e8af8d4bfb61&X-Amz-SignedHeaders=host&response-content-disposition=attachment%3Bfilename%2A%3DUTF-8%27%27cache.tar.gz",
      "integrity": "sha1-k/SawN6DYNnfAv8mNCF1bTTam1s="
    },
    "chapter": {
      "version": "1.3.2",
      "resolved": "https://ewizard-storage-multitenant-eu-1.s3.eu-central-1.amazonaws.com/components/590c7fce6463ef002b792f69.tar.gz?X-Amz-Algorithm=AWS4-HMAC-SHA256&X-Amz-Credential=AKIAWPGVIVM476G4TOFH%2F20220722%2Feu-central-1%2Fs3%2Faws4_request&X-Amz-Date=20220722T131115Z&X-Amz-Expires=300&X-Amz-Signature=9e4ffed75574505f45dbad407d226df58b0c9d696e140a28613847e7fd7e4038&X-Amz-SignedHeaders=host&response-content-disposition=attachment%3Bfilename%2A%3DUTF-8%27%27chapter.tar.gz",
      "integrity": "sha1-uc3udcTKHKdWUAK7V6qPrsiVD9k="
    },
    "co-collection": {
      "version": "4.3.6",
      "resolved": "https://ewizard-storage-multitenant-eu-1.s3.eu-central-1.amazonaws.com/components/9e3ad160-36a5-11ea-a7ab-fc8408927654.tar.gz?X-Amz-Algorithm=AWS4-HMAC-SHA256&X-Amz-Credential=AKIAWPGVIVM476G4TOFH%2F20220722%2Feu-central-1%2Fs3%2Faws4_request&X-Amz-Date=20220722T131023Z&X-Amz-Expires=300&X-Amz-Signature=c895c011b1e35c080566c01146921792f6c0926fc7e490ad34feaa2905f02df4&X-Amz-SignedHeaders=host&response-content-disposition=attachment%3Bfilename%2A%3DUTF-8%27%27co-collection.tar.gz",
      "integrity": "sha1-327ZjwmPPo9FPWD/0SeNJ9x4+9g=",
      "requires": {
        "co-collection-item": "^2.3.5",
        "component": "~0.12.9"
      }
    },
    "co-collection-item": {
      "version": "2.3.5",
      "resolved": "https://ewizard-storage-multitenant-eu-1.s3.eu-central-1.amazonaws.com/components/64ba82f0-36a5-11ea-9c77-052bbe173bc1.tar.gz?X-Amz-Algorithm=AWS4-HMAC-SHA256&X-Amz-Credential=AKIAWPGVIVM476G4TOFH%2F20220722%2Feu-central-1%2Fs3%2Faws4_request&X-Amz-Date=20220722T131111Z&X-Amz-Expires=300&X-Amz-Signature=56de24237f5e30b9979b040fe99564b86310ec5c9e68d6d84b703386e8d5cc21&X-Amz-SignedHeaders=host&response-content-disposition=attachment%3Bfilename%2A%3DUTF-8%27%27co-collection-item.tar.gz",
      "integrity": "sha1-gnRXAllM2NXzJxBDCb/FFZxWoBw=",
      "requires": {
        "component": "~0.12.9"
      }
    },
    "co-container": {
      "version": "3.0.2",
      "resolved": "https://ewizard-storage-multitenant-eu-1.s3.eu-central-1.amazonaws.com/components/a722a230-36a5-11ea-aed2-0017f70cd050.tar.gz?X-Amz-Algorithm=AWS4-HMAC-SHA256&X-Amz-Credential=AKIAWPGVIVM476G4TOFH%2F20220722%2Feu-central-1%2Fs3%2Faws4_request&X-Amz-Date=20220722T131023Z&X-Amz-Expires=300&X-Amz-Signature=6172bc669f49d9de27891b57feedfb3b191761008e3192f4a09c0a9c7e343781&X-Amz-SignedHeaders=host&response-content-disposition=attachment%3Bfilename%2A%3DUTF-8%27%27co-container.tar.gz",
      "integrity": "sha1-NbI6dl/A3eEPOnjuG+Yk+U6CaaA=",
      "requires": {
        "component": "~0.12.9"
      }
    },
    "co-image": {
      "version": "2.3.9",
      "resolved": "https://ewizard-storage-multitenant-eu-1.s3.eu-central-1.amazonaws.com/components/b0c892e0-36a5-11ea-a11d-21d51257ce2b.tar.gz?X-Amz-Algorithm=AWS4-HMAC-SHA256&X-Amz-Credential=AKIAWPGVIVM476G4TOFH%2F20220722%2Feu-central-1%2Fs3%2Faws4_request&X-Amz-Date=20220722T131023Z&X-Amz-Expires=300&X-Amz-Signature=814069bf095511870df9ce239069ed92a9b72ec2062f02e92a0ae8d0bb6aea09&X-Amz-SignedHeaders=host&response-content-disposition=attachment%3Bfilename%2A%3DUTF-8%27%27co-image.tar.gz",
      "integrity": "sha1-YE+1y9oMnu7BgvT8N3KABIXNa0w=",
      "requires": {
        "component": "~0.12.9"
      }
    },
    "co-text": {
      "version": "2.4.8",
      "resolved": "https://ewizard-storage-multitenant-eu-1.s3.eu-central-1.amazonaws.com/components/9b9776c0-36a5-11ea-9d33-26e09b361e1f.tar.gz?X-Amz-Algorithm=AWS4-HMAC-SHA256&X-Amz-Credential=AKIAWPGVIVM476G4TOFH%2F20220722%2Feu-central-1%2Fs3%2Faws4_request&X-Amz-Date=20220722T131023Z&X-Amz-Expires=300&X-Amz-Signature=286cdb9e4b81a2bb1c349fb0d8525810e70420efdb62055a359137e2cfa3bdd2&X-Amz-SignedHeaders=host&response-content-disposition=attachment%3Bfilename%2A%3DUTF-8%27%27co-text.tar.gz",
      "integrity": "sha1-oEQ+8dUC8BnZLamFGc2k6d7Rvqs=",
      "requires": {
        "component": "~0.12.9",
        "textable-component": "~1.4.2"
      }
    },
    "component": {
      "version": "0.12.11",
      "resolved": "https://ewizard-storage-multitenant-eu-1.s3.eu-central-1.amazonaws.com/components/6e729d40-36bf-11ea-bdd8-ef25b57d5ccf.tar.gz?X-Amz-Algorithm=AWS4-HMAC-SHA256&X-Amz-Credential=AKIAWPGVIVM476G4TOFH%2F20220722%2Feu-central-1%2Fs3%2Faws4_request&X-Amz-Date=20220722T131111Z&X-Amz-Expires=300&X-Amz-Signature=195cd2fc2765f289f6ce1d658f6624c64f8ef78d58f0e3602a9d21b4db2f1aab&X-Amz-SignedHeaders=host&response-content-disposition=attachment%3Bfilename%2A%3DUTF-8%27%27component.tar.gz",
      "integrity": "sha1-jqiNk7k5Ocxl01JFjAFhtbnTsZM=",
      "requires": {
        "cache": "~0.0.3",
        "loader": "~0.2.3",
        "utils": "~1.6.3"
      }
    },
    "core": {
      "version": "3.5.13",
      "resolved": "https://ewizard-storage-multitenant-eu-1.s3.eu-central-1.amazonaws.com/components/5c051d006c2ec1003d516fad.tar.gz?X-Amz-Algorithm=AWS4-HMAC-SHA256&X-Amz-Credential=AKIAWPGVIVM476G4TOFH%2F20220722%2Feu-central-1%2Fs3%2Faws4_request&X-Amz-Date=20220722T131110Z&X-Amz-Expires=300&X-Amz-Signature=c03a5c866847c63bcd1861ba879658ddec746af1168611a7fadf49d316c5acc9&X-Amz-SignedHeaders=host&response-content-disposition=attachment%3Bfilename%2A%3DUTF-8%27%27core.tar.gz",
      "integrity": "sha1-nvzWC05KDDPXHavY7ZkIRI2CWP0="
    },
    "es6-promise": {
      "version": "4.2.8",
      "resolved": "https://registry.npmjs.org/es6-promise/-/es6-promise-4.2.8.tgz",
      "integrity": "sha512-HJDGx5daxeIvxdBxvG2cb9g4tEvwIk3i8+nhX0yGrYmZUzbkdg8QbDevheDB8gd0//uPj4c1EQua8Q+MViT0/w=="
    },
    "loader": {
      "version": "0.2.3",
      "resolved": "https://ewizard-storage-multitenant-eu-1.s3.eu-central-1.amazonaws.com/components/5ad898499a7c14002d6865e2.tar.gz?X-Amz-Algorithm=AWS4-HMAC-SHA256&X-Amz-Credential=AKIAWPGVIVM476G4TOFH%2F20220722%2Feu-central-1%2Fs3%2Faws4_request&X-Amz-Date=20220722T131114Z&X-Amz-Expires=300&X-Amz-Signature=abc851a2f3c049c1835dcbc02c6abfe015d2e84dde378474947a64070cbe6df2&X-Amz-SignedHeaders=host&response-content-disposition=attachment%3Bfilename%2A%3DUTF-8%27%27loader.tar.gz",
      "integrity": "sha1-nVvSR87Ixd0APRzvKwlIVHEiHWA="
    },
    "lodash-template": {
      "version": "1.0.0",
      "resolved": "https://registry.npmjs.org/lodash-template/-/lodash-template-1.0.0.tgz",
      "integrity": "sha512-zfvXAtxIWy1MEKKxkwh7wzwulqh2FlFJ9+9FQWspOVTWmYvS6YxvwuajzG9lbIJeaX5jixLR1hlpBZXQUSjFxQ=="
    },
    "nav": {
      "version": "1.7.6",
      "resolved": "https://ewizard-storage-multitenant-eu-1.s3.eu-central-1.amazonaws.com/components/590c80d06463ef002b793125.tar.gz?X-Amz-Algorithm=AWS4-HMAC-SHA256&X-Amz-Credential=AKIAWPGVIVM476G4TOFH%2F20220722%2Feu-central-1%2Fs3%2Faws4_request&X-Amz-Date=20220722T131115Z&X-Amz-Expires=300&X-Amz-Signature=9aa26a34b5bb41fe8a8f2b4483860a0725bd1fdb13fb7d77aed6f7b56091e22a&X-Amz-SignedHeaders=host&response-content-disposition=attachment%3Bfilename%2A%3DUTF-8%27%27nav.tar.gz",
      "integrity": "sha1-Q2KT3/i1M+7BXFwBFDdqOfaPEmE="
    },
    "params": {
      "version": "1.1.1",
      "resolved": "https://ewizard-storage-multitenant-eu-1.s3.eu-central-1.amazonaws.com/components/5a6f0fbc6e090d002d31ca9c.tar.gz?X-Amz-Algorithm=AWS4-HMAC-SHA256&X-Amz-Credential=AKIAWPGVIVM476G4TOFH%2F20220722%2Feu-central-1%2Fs3%2Faws4_request&X-Amz-Date=20220722T131111Z&X-Amz-Expires=300&X-Amz-Signature=4c88bd1a6f294f9872b33ca08ee8d3051f3a25823d685f2c946f7c9d13231d03&X-Amz-SignedHeaders=host&response-content-disposition=attachment%3Bfilename%2A%3DUTF-8%27%27params.tar.gz",
      "integrity": "sha1-nKtDvvl6rWQ1muOmXGGv4Ix2k9c="
    },
    "polyfill": {
      "version": "2.0.2",
      "resolved": "https://ewizard-storage-multitenant-eu-1.s3.eu-central-1.amazonaws.com/components/5a6f14a56e090d002d31cbb0.tar.gz?X-Amz-Algorithm=AWS4-HMAC-SHA256&X-Amz-Credential=AKIAWPGVIVM476G4TOFH%2F20220722%2Feu-central-1%2Fs3%2Faws4_request&X-Amz-Date=20220722T131111Z&X-Amz-Expires=300&X-Amz-Signature=75c6174280520b0e18d714f4260e2bc041be7609278d4a0bea22298b6360a0c5&X-Amz-SignedHeaders=host&response-content-disposition=attachment%3Bfilename%2A%3DUTF-8%27%27polyfill.tar.gz",
      "integrity": "sha1-gWhGFjPX3UKj2kUFrMMGy6inXzA=",
      "requires": {
        "es6-promise": "^4.0.4"
      }
    },
    "prefixer": {
      "version": "1.2.0",
      "resolved": "https://ewizard-storage-multitenant-eu-1.s3.eu-central-1.amazonaws.com/components/5a6f0b6e6e090d002d31c928.tar.gz?X-Amz-Algorithm=AWS4-HMAC-SHA256&X-Amz-Credential=AKIAWPGVIVM476G4TOFH%2F20220722%2Feu-central-1%2Fs3%2Faws4_request&X-Amz-Date=20220722T131111Z&X-Amz-Expires=300&X-Amz-Signature=b7e0e16c479d96b3ae089939148392a49d463f35adde3c6997364bf12ff3583a&X-Amz-SignedHeaders=host&response-content-disposition=attachment%3Bfilename%2A%3DUTF-8%27%27prefixer.tar.gz",
      "integrity": "sha1-NdRkyqJjU6T8X4upaKLYcdm5sFc="
    },
    "presentation-identifier": {
      "version": "0.0.1",
      "resolved": "https://ewizard-storage-multitenant-eu-1.s3.eu-central-1.amazonaws.com/components/590c7f7c6463ef002b792f13.tar.gz?X-Amz-Algorithm=AWS4-HMAC-SHA256&X-Amz-Credential=AKIAWPGVIVM476G4TOFH%2F20220722%2Feu-central-1%2Fs3%2Faws4_request&X-Amz-Date=20220722T131111Z&X-Amz-Expires=300&X-Amz-Signature=fa04a957ac934f87a1934e43dfa13a916569e25696b774a74c2bda0c29d9c63c&X-Amz-SignedHeaders=host&response-content-disposition=attachment%3Bfilename%2A%3DUTF-8%27%27presentation-identifier.tar.gz",
      "integrity": "sha1-gnLujpaS6UrZk8dYneducogALCQ="
    },
    "routie": {
      "version": "git+https://github.com/QAPInt/routie.git#42ac653a46241768f2ba4a9605e080ed49926918",
      "from": "git+https://github.com/QAPInt/routie.git#master"
    },
    "settings": {
      "version": "0.10.2",
      "resolved": "https://ewizard-storage-multitenant-eu-1.s3.eu-central-1.amazonaws.com/components/2bf3f9d0-37b1-11ea-8a6f-cf3eaae8f78c.tar.gz?X-Amz-Algorithm=AWS4-HMAC-SHA256&X-Amz-Credential=AKIAWPGVIVM476G4TOFH%2F20220722%2Feu-central-1%2Fs3%2Faws4_request&X-Amz-Date=20220722T131111Z&X-Amz-Expires=300&X-Amz-Signature=0a6237f8256aed5bbf46ac720d3367c53c78f543e416e318433f8bcb4efe58ff&X-Amz-SignedHeaders=host&response-content-disposition=attachment%3Bfilename%2A%3DUTF-8%27%27settings.tar.gz",
      "integrity": "sha1-VdR/B+Mys2eNKkDA3mnUdDOmutM=",
      "requires": {
        "loader": "^0.2.0",
        "lodash-template": "1.0.0",
        "utils": "~1.6.5"
      }
    },
    "slide": {
      "version": "1.1.2",
      "resolved": "https://ewizard-storage-multitenant-eu-1.s3.eu-central-1.amazonaws.com/components/590c7fc76463ef002b792f5f.tar.gz?X-Amz-Algorithm=AWS4-HMAC-SHA256&X-Amz-Credential=AKIAWPGVIVM476G4TOFH%2F20220722%2Feu-central-1%2Fs3%2Faws4_request&X-Amz-Date=20220722T131115Z&X-Amz-Expires=300&X-Amz-Signature=c15b219218dd2f6b7be8ae4789d4aad3af6c58afc2ad685f4690abb6bbc66d84&X-Amz-SignedHeaders=host&response-content-disposition=attachment%3Bfilename%2A%3DUTF-8%27%27slide.tar.gz",
      "integrity": "sha1-+/luNnIR8RQYxnEG4X6EfrR0pfM="
    },
    "slideshow-popup": {
      "version": "0.0.11",
      "resolved": "https://ewizard-storage-multitenant-eu-1.s3.eu-central-1.amazonaws.com/components/5a0056a8f68274002d99c06c.tar.gz?X-Amz-Algorithm=AWS4-HMAC-SHA256&X-Amz-Credential=AKIAWPGVIVM476G4TOFH%2F20220722%2Feu-central-1%2Fs3%2Faws4_request&X-Amz-Date=20220722T131114Z&X-Amz-Expires=300&X-Amz-Signature=10cc13a3d6dd4b454b6b87fd49117680138edb9b4a1f7ecaa63efc0aefd66947&X-Amz-SignedHeaders=host&response-content-disposition=attachment%3Bfilename%2A%3DUTF-8%27%27slideshow-popup.tar.gz",
      "integrity": "sha1-c7Dp1WMAvQMbBZpgzoxYuz7eKIc=",
      "requires": {
        "chapter": "~1.3.2",
        "nav": "~1.7.6",
        "presentation-identifier": "~0.0.1",
        "slide": "~1.1.2"
      }
    },
    "spa": {
      "version": "3.6.5",
      "resolved": "https://ewizard-storage-multitenant-eu-1.s3.eu-central-1.amazonaws.com/components/e1d17360-e49d-11ea-91c6-b8f2b4966d56.tar.gz?X-Amz-Algorithm=AWS4-HMAC-SHA256&X-Amz-Credential=AKIAWPGVIVM476G4TOFH%2F20220722%2Feu-central-1%2Fs3%2Faws4_request&X-Amz-Date=20220722T131023Z&X-Amz-Expires=300&X-Amz-Signature=a87ce55852add7f0cc3eb2ab34f2251fa5029f8f6b6aa386fdcf5b7a71bd7199&X-Amz-SignedHeaders=host&response-content-disposition=attachment%3Bfilename%2A%3DUTF-8%27%27spa.tar.gz",
      "integrity": "sha1-PxbZnQz+k1fKsTCyGSC99Xj6pE4=",
      "requires": {
        "params": "~1.1.1",
        "polyfill": "~2.0.0",
        "prefixer": "~1.2.0",
        "presentation-identifier": "~0.0.1",
        "routie": "git+https://github.com/QAPInt/routie.git#master",
        "settings": "~0.10.0",
        "structure": "~1.5.0",
        "touch": "~1.5.0",
        "utils": "^1.5.0",
        "validate-nav": "~1.4.0"
      }
    },
    "structure": {
      "version": "1.5.3",
      "resolved": "https://ewizard-storage-multitenant-eu-1.s3.eu-central-1.amazonaws.com/components/5a958d8a3adcd6002d4951e3.tar.gz?X-Amz-Algorithm=AWS4-HMAC-SHA256&X-Amz-Credential=AKIAWPGVIVM476G4TOFH%2F20220722%2Feu-central-1%2Fs3%2Faws4_request&X-Amz-Date=20220722T131111Z&X-Amz-Expires=300&X-Amz-Signature=0c6c945d60bebcc97b203cbd843afc6eb152f2c83897125957650385962ba59a&X-Amz-SignedHeaders=host&response-content-disposition=attachment%3Bfilename%2A%3DUTF-8%27%27structure.tar.gz",
      "integrity": "sha1-LucU4RfmLGIzYRj38w4mIN56M3A=",
      "requires": {
        "utils": ">=0.0.11"
      }
    },
    "textable-component": {
      "version": "1.4.3",
      "resolved": "https://ewizard-storage-multitenant-eu-1.s3.eu-central-1.amazonaws.com/components/6e1784f0-36bf-11ea-9318-1089695a0931.tar.gz?X-Amz-Algorithm=AWS4-HMAC-SHA256&X-Amz-Credential=AKIAWPGVIVM476G4TOFH%2F20220722%2Feu-central-1%2Fs3%2Faws4_request&X-Amz-Date=20220722T131114Z&X-Amz-Expires=300&X-Amz-Signature=9197fdf10572fedc163076219fe569e9992cbee7a349829313525d2492d2eeb3&X-Amz-SignedHeaders=host&response-content-disposition=attachment%3Bfilename%2A%3DUTF-8%27%27textable-component.tar.gz",
      "integrity": "sha1-+iPOtHT4rGWYSj3iIzP8mz5lUgY=",
      "requires": {
        "component": "~0.12.9"
      }
    },
    "touch": {
      "version": "1.5.7",
      "resolved": "https://ewizard-storage-multitenant-eu-1.s3.eu-central-1.amazonaws.com/components/21580490-49ca-11eb-827c-0085cc50a360.tar.gz?X-Amz-Algorithm=AWS4-HMAC-SHA256&X-Amz-Credential=AKIAWPGVIVM476G4TOFH%2F20220722%2Feu-central-1%2Fs3%2Faws4_request&X-Amz-Date=20220722T131112Z&X-Amz-Expires=300&X-Amz-Signature=58e111e76c4e8ba72a55c39ad8d2f2929c723c2ed6049cad54d351cf1145cb73&X-Amz-SignedHeaders=host&response-content-disposition=attachment%3Bfilename%2A%3DUTF-8%27%27touch.tar.gz",
      "integrity": "sha1-Eldm5ZL+rnKuOZXqgKUpBRM1IWE="
    },
    "utils": {
      "version": "1.6.5",
      "resolved": "https://ewizard-storage-multitenant-eu-1.s3.eu-central-1.amazonaws.com/components/5b040e38b4a3ab003778f15a.tar.gz?X-Amz-Algorithm=AWS4-HMAC-SHA256&X-Amz-Credential=AKIAWPGVIVM476G4TOFH%2F20220722%2Feu-central-1%2Fs3%2Faws4_request&X-Amz-Date=20220722T131113Z&X-Amz-Expires=300&X-Amz-Signature=b589baecadc3cda61f320eb0be246654212bf2160baca6c5bd81908b90d85e9c&X-Amz-SignedHeaders=host&response-content-disposition=attachment%3Bfilename%2A%3DUTF-8%27%27utils.tar.gz",
      "integrity": "sha1-AJQhr0NQNIkDTxZoQLcuprxf+bA="
    },
    "validate-nav": {
      "version": "1.4.0",
      "resolved": "https://ewizard-storage-multitenant-eu-1.s3.eu-central-1.amazonaws.com/components/5a00592af68274002d99c0ad.tar.gz?X-Amz-Algorithm=AWS4-HMAC-SHA256&X-Amz-Credential=AKIAWPGVIVM476G4TOFH%2F20220722%2Feu-central-1%2Fs3%2Faws4_request&X-Amz-Date=20220722T131113Z&X-Amz-Expires=300&X-Amz-Signature=e2a30a4aed38ed55ef78b7e19823d4018b9235547620f37a12cafe8d64ba1fef&X-Amz-SignedHeaders=host&response-content-disposition=attachment%3Bfilename%2A%3DUTF-8%27%27validate-nav.tar.gz",
      "integrity": "sha1-kSAfoJ45/0//M9979jImXZmXnfk=",
      "requires": {
        "slideshow-popup": "~0.0.10"
      }
    }
  }
}
